
Microsoft Visual Studio Solution File, Format Version 12.00
# Visual Studio Version 16
VisualStudioVersion = 16.0.31702.278
MinimumVisualStudioVersion = 10.0.40219.1
Project("{9A19103F-16F7-4668-BE54-9A1E7A4F7556}") = "LexiconCalculator", "LexiconCalculator\LexiconCalculator.csproj", "{CC6E2ED1-DC2A-4451-8112-1161CD766978}"
EndProject
Project("{FAE04EC0-301F-11D3-BF4B-00C04F79EFBC}") = "LexiconCalculator.Test", "LexiconCalculator.Test\LexiconCalculator.Test.csproj", "{8055B9DB-77D6-424F-8481-F911B0193089}"
EndProject
Global
	GlobalSection(SolutionConfigurationPlatforms) = preSolution
		Debug|Any CPU = Debug|Any CPU
		Release|Any CPU = Release|Any CPU
	EndGlobalSection
	GlobalSection(ProjectConfigurationPlatforms) = postSolution
		{CC6E2ED1-DC2A-4451-8112-1161CD766978}.Debug|Any CPU.ActiveCfg = Debug|Any CPU
		{CC6E2ED1-DC2A-4451-8112-1161CD766978}.Debug|Any CPU.Build.0 = Debug|Any CPU
		{CC6E2ED1-DC2A-4451-8112-1161CD766978}.Release|Any CPU.ActiveCfg = Release|Any CPU
		{CC6E2ED1-DC2A-4451-8112-1161CD766978}.Release|Any CPU.Build.0 = Release|Any CPU
		{8055B9DB-77D6-424F-8481-F911B0193089}.Debug|Any CPU.ActiveCfg = Debug|Any CPU
		{8055B9DB-77D6-424F-8481-F911B0193089}.Debug|Any CPU.Build.0 = Debug|Any CPU
		{8055B9DB-77D6-424F-8481-F911B0193089}.Release|Any CPU.ActiveCfg = Release|Any CPU
		{8055B9DB-77D6-424F-8481-F911B0193089}.Release|Any CPU.Build.0 = Release|Any CPU
	EndGlobalSection
	GlobalSection(SolutionProperties) = preSolution
		HideSolutionNode = FALSE
	EndGlobalSection
	GlobalSection(ExtensibilityGlobals) = postSolution
		SolutionGuid = {4D4C42F9-7265-4C83-A4C2-64FC8D687FBE}
	EndGlobalSection
EndGlobal
